
Microsoft Visual Studio Solution File, Format Version 12.00
# Visual Studio Version 17
VisualStudioVersion = 17.7.34031.279
MinimumVisualStudioVersion = 10.0.40219.1
Project("{888888A0-9F3D-457C-B088-3A5042F75D52}") = "Hw4AI", "Hw4AI\Hw4AI.pyproj", "{F425CF5D-1B89-4EBE-B118-A4F1B695083E}"
EndProject
Global
	GlobalSection(SolutionConfigurationPlatforms) = preSolution
		Debug|Any CPU = Debug|Any CPU
		Release|Any CPU = Release|Any CPU
	EndGlobalSection
	GlobalSection(ProjectConfigurationPlatforms) = postSolution
		{F425CF5D-1B89-4EBE-B118-A4F1B695083E}.Debug|Any CPU.ActiveCfg = Debug|Any CPU
		{F425CF5D-1B89-4EBE-B118-A4F1B695083E}.Release|Any CPU.ActiveCfg = Release|Any CPU
	EndGlobalSection
	GlobalSection(SolutionProperties) = preSolution
		HideSolutionNode = FALSE
	EndGlobalSection
	GlobalSection(ExtensibilityGlobals) = postSolution
		SolutionGuid = {7FAD411F-0342-4DE5-9E32-9CFAF8CBB548}
	EndGlobalSection
EndGlobal
