
Microsoft Visual Studio Solution File, Format Version 12.00
# Visual Studio Version 17
VisualStudioVersion = 17.7.34031.279
MinimumVisualStudioVersion = 10.0.40219.1
Project("{888888A0-9F3D-457C-B088-3A5042F75D52}") = "A5", "A5\A5.pyproj", "{17C95CAE-FE42-4F45-B112-AD0CF8970676}"
EndProject
Global
	GlobalSection(SolutionConfigurationPlatforms) = preSolution
		Debug|Any CPU = Debug|Any CPU
		Release|Any CPU = Release|Any CPU
	EndGlobalSection
	GlobalSection(ProjectConfigurationPlatforms) = postSolution
		{17C95CAE-FE42-4F45-B112-AD0CF8970676}.Debug|Any CPU.ActiveCfg = Debug|Any CPU
		{17C95CAE-FE42-4F45-B112-AD0CF8970676}.Release|Any CPU.ActiveCfg = Release|Any CPU
	EndGlobalSection
	GlobalSection(SolutionProperties) = preSolution
		HideSolutionNode = FALSE
	EndGlobalSection
	GlobalSection(ExtensibilityGlobals) = postSolution
		SolutionGuid = {B8B239FE-C547-48FE-9EF1-940579EF2270}
	EndGlobalSection
EndGlobal
